
Microsoft Visual Studio Solution File, Format Version 12.00
# Visual Studio 15
VisualStudioVersion = 15.0.27004.2005
MinimumVisualStudioVersion = 10.0.40219.1
Project("{8BC9CEB8-8B4A-11D0-8D11-00A0C91BC942}") = "main", "main\main.vcxproj", "{8DAC9CD5-6C52-4016-A8D3-E06ED2586D9B}"
EndProject
Project("{8BC9CEB8-8B4A-11D0-8D11-00A0C91BC942}") = "UnitTest1", "UnitTest1\UnitTest1.vcxproj", "{FBD2A866-8C65-4E9A-9D3A-8204BBA1D689}"
EndProject
Global
	GlobalSection(SolutionConfigurationPlatforms) = preSolution
		Debug|x64 = Debug|x64
		Debug|x86 = Debug|x86
		Release|x64 = Release|x64
		Release|x86 = Release|x86
	EndGlobalSection
	GlobalSection(ProjectConfigurationPlatforms) = postSolution
		{8DAC9CD5-6C52-4016-A8D3-E06ED2586D9B}.Debug|x64.ActiveCfg = Debug|x64
		{8DAC9CD5-6C52-4016-A8D3-E06ED2586D9B}.Debug|x64.Build.0 = Debug|x64
		{8DAC9CD5-6C52-4016-A8D3-E06ED2586D9B}.Debug|x86.ActiveCfg = Debug|Win32
		{8DAC9CD5-6C52-4016-A8D3-E06ED2586D9B}.Debug|x86.Build.0 = Debug|Win32
		{8DAC9CD5-6C52-4016-A8D3-E06ED2586D9B}.Release|x64.ActiveCfg = Release|x64
		{8DAC9CD5-6C52-4016-A8D3-E06ED2586D9B}.Release|x64.Build.0 = Release|x64
		{8DAC9CD5-6C52-4016-A8D3-E06ED2586D9B}.Release|x86.ActiveCfg = Release|Win32
		{8DAC9CD5-6C52-4016-A8D3-E06ED2586D9B}.Release|x86.Build.0 = Release|Win32
		{FBD2A866-8C65-4E9A-9D3A-8204BBA1D689}.Debug|x64.ActiveCfg = Debug|x64
		{FBD2A866-8C65-4E9A-9D3A-8204BBA1D689}.Debug|x64.Build.0 = Debug|x64
		{FBD2A866-8C65-4E9A-9D3A-8204BBA1D689}.Debug|x86.ActiveCfg = Debug|Win32
		{FBD2A866-8C65-4E9A-9D3A-8204BBA1D689}.Debug|x86.Build.0 = Debug|Win32
		{FBD2A866-8C65-4E9A-9D3A-8204BBA1D689}.Release|x64.ActiveCfg = Release|x64
		{FBD2A866-8C65-4E9A-9D3A-8204BBA1D689}.Release|x64.Build.0 = Release|x64
		{FBD2A866-8C65-4E9A-9D3A-8204BBA1D689}.Release|x86.ActiveCfg = Release|Win32
		{FBD2A866-8C65-4E9A-9D3A-8204BBA1D689}.Release|x86.Build.0 = Release|Win32
	EndGlobalSection
	GlobalSection(SolutionProperties) = preSolution
		HideSolutionNode = FALSE
	EndGlobalSection
	GlobalSection(ExtensibilityGlobals) = postSolution
		SolutionGuid = {9F124B97-C09B-42BA-811B-E7A664BEA59F}
	EndGlobalSection
EndGlobal
